
Microsoft Visual Studio Solution File, Format Version 11.00
# Visual Studio 2010
Project("{FAE04EC0-301F-11D3-BF4B-00C04F79EFBC}") = "PubCite", "PubCite\PubCite.csproj", "{A1B610AF-889B-41CA-8DA1-AEA637FC8FB2}"
EndProject
Global
	GlobalSection(SubversionScc) = preSolution
		Svn-Managed = True
		Manager = AnkhSVN - Subversion Support for Visual Studio
	EndGlobalSection
	GlobalSection(SolutionConfigurationPlatforms) = preSolution
		Debug|x86 = Debug|x86
		Release|x86 = Release|x86
	EndGlobalSection
	GlobalSection(ProjectConfigurationPlatforms) = postSolution
		{A1B610AF-889B-41CA-8DA1-AEA637FC8FB2}.Debug|x86.ActiveCfg = Debug|x86
		{A1B610AF-889B-41CA-8DA1-AEA637FC8FB2}.Debug|x86.Build.0 = Debug|x86
		{A1B610AF-889B-41CA-8DA1-AEA637FC8FB2}.Release|x86.ActiveCfg = Release|x86
		{A1B610AF-889B-41CA-8DA1-AEA637FC8FB2}.Release|x86.Build.0 = Release|x86
	EndGlobalSection
	GlobalSection(SolutionProperties) = preSolution
		HideSolutionNode = FALSE
	EndGlobalSection
EndGlobal
